
Microsoft Visual Studio Solution File, Format Version 12.00
# Visual Studio Version 17
VisualStudioVersion = 17.0.31912.275
MinimumVisualStudioVersion = 10.0.40219.1
Project("{FAE04EC0-301F-11D3-BF4B-00C04F79EFBC}") = "TodoWebApi", "TodoWebApi\TodoWebApi.csproj", "{96490249-164C-4C0E-942A-5071761E477D}"
EndProject
Global
	GlobalSection(SolutionConfigurationPlatforms) = preSolution
		Debug|Any CPU = Debug|Any CPU
		Release|Any CPU = Release|Any CPU
	EndGlobalSection
	GlobalSection(ProjectConfigurationPlatforms) = postSolution
		{96490249-164C-4C0E-942A-5071761E477D}.Debug|Any CPU.ActiveCfg = Debug|Any CPU
		{96490249-164C-4C0E-942A-5071761E477D}.Debug|Any CPU.Build.0 = Debug|Any CPU
		{96490249-164C-4C0E-942A-5071761E477D}.Release|Any CPU.ActiveCfg = Release|Any CPU
		{96490249-164C-4C0E-942A-5071761E477D}.Release|Any CPU.Build.0 = Release|Any CPU
	EndGlobalSection
	GlobalSection(SolutionProperties) = preSolution
		HideSolutionNode = FALSE
	EndGlobalSection
	GlobalSection(ExtensibilityGlobals) = postSolution
		SolutionGuid = {023CEEC6-BA43-430B-ACF7-E76DAFA5E595}
	EndGlobalSection
EndGlobal
